// !$*UTF8*$!
{
	archiveVersion = 1;
	classes = {
	};
	objectVersion = 50;
	objects = {

/* Begin PBXBuildFile section */
		D43B58CF23DEFA9900A4FA92 /* GeolocationSubscriptionViewController.swift in Sources */ = {isa = PBXBuildFile; fileRef = D43B58CE23DEFA9900A4FA92 /* GeolocationSubscriptionViewController.swift */; };
		D43B58D123DEFAAA00A4FA92 /* GeolocationSubscriptionViewController.storyboard in Resources */ = {isa = PBXBuildFile; fileRef = D43B58D023DEFAAA00A4FA92 /* GeolocationSubscriptionViewController.storyboard */; };
		D471C36223DD91DA00B983CD /* AppDelegate.swift in Sources */ = {isa = PBXBuildFile; fileRef = D471C36123DD91DA00B983CD /* AppDelegate.swift */; };
		D471C36423DD91DA00B983CD /* SceneDelegate.swift in Sources */ = {isa = PBXBuildFile; fileRef = D471C36323DD91DA00B983CD /* SceneDelegate.swift */; };
		D471C36623DD91DA00B983CD /* ViewController.swift in Sources */ = {isa = PBXBuildFile; fileRef = D471C36523DD91DA00B983CD /* ViewController.swift */; };
		D471C36923DD91DA00B983CD /* Main.storyboard in Resources */ = {isa = PBXBuildFile; fileRef = D471C36723DD91DA00B983CD /* Main.storyboard */; };
		D471C36B23DD91DC00B983CD /* Assets.xcassets in Resources */ = {isa = PBXBuildFile; fileRef = D471C36A23DD91DC00B983CD /* Assets.xcassets */; };
		D471C36E23DD91DC00B983CD /* LaunchScreen.storyboard in Resources */ = {isa = PBXBuildFile; fileRef = D471C36C23DD91DC00B983CD /* LaunchScreen.storyboard */; };
		D471C37923DD91DC00B983CD /* RxPracticeTests.swift in Sources */ = {isa = PBXBuildFile; fileRef = D471C37823DD91DC00B983CD /* RxPracticeTests.swift */; };
		D471C38C23DD939E00B983CD /* UIViewController+Instantiatable.swift in Sources */ = {isa = PBXBuildFile; fileRef = D471C38B23DD939E00B983CD /* UIViewController+Instantiatable.swift */; };
		D471C39123DD9D6900B983CD /* AddingNumbersViewController.swift in Sources */ = {isa = PBXBuildFile; fileRef = D471C39023DD9D6900B983CD /* AddingNumbersViewController.swift */; };
		D471C39323DD9D7200B983CD /* AddingNumbersViewController.storyboard in Resources */ = {isa = PBXBuildFile; fileRef = D471C39223DD9D7200B983CD /* AddingNumbersViewController.storyboard */; };
		D471C39523DD9D8000B983CD /* SimpleValidationViewController.storyboard in Resources */ = {isa = PBXBuildFile; fileRef = D471C39423DD9D8000B983CD /* SimpleValidationViewController.storyboard */; };
		D471C39723DD9D8900B983CD /* SimpleValidationViewController.swift in Sources */ = {isa = PBXBuildFile; fileRef = D471C39623DD9D8900B983CD /* SimpleValidationViewController.swift */; };
		D471C39D23DDA8BE00B983CD /* RxSwift.framework in Frameworks */ = {isa = PBXBuildFile; fileRef = D471C39C23DDA8BE00B983CD /* RxSwift.framework */; };
		D471C3A123DDA8CD00B983CD /* RxCocoa.framework in Frameworks */ = {isa = PBXBuildFile; fileRef = D471C3A023DDA8CD00B983CD /* RxCocoa.framework */; };
		D471C3A523DDA93000B983CD /* RxRelay.framework in Frameworks */ = {isa = PBXBuildFile; fileRef = D471C3A423DDA93000B983CD /* RxRelay.framework */; };
/* End PBXBuildFile section */

/* Begin PBXContainerItemProxy section */
		D471C37523DD91DC00B983CD /* PBXContainerItemProxy */ = {
			isa = PBXContainerItemProxy;
			containerPortal = D471C35623DD91DA00B983CD /* Project object */;
			proxyType = 1;
			remoteGlobalIDString = D471C35D23DD91DA00B983CD;
			remoteInfo = RxPractice;
		};
/* End PBXContainerItemProxy section */

/* Begin PBXFileReference section */
		D43B58CE23DEFA9900A4FA92 /* GeolocationSubscriptionViewController.swift */ = {isa = PBXFileReference; lastKnownFileType = sourcecode.swift; path = GeolocationSubscriptionViewController.swift; sourceTree = "<group>"; };
		D43B58D023DEFAAA00A4FA92 /* GeolocationSubscriptionViewController.storyboard */ = {isa = PBXFileReference; lastKnownFileType = file.storyboard; path = GeolocationSubscriptionViewController.storyboard; sourceTree = "<group>"; };
		D471C35E23DD91DA00B983CD /* RxPractice.app */ = {isa = PBXFileReference; explicitFileType = wrapper.application; includeInIndex = 0; path = RxPractice.app; sourceTree = BUILT_PRODUCTS_DIR; };
		D471C36123DD91DA00B983CD /* AppDelegate.swift */ = {isa = PBXFileReference; lastKnownFileType = sourcecode.swift; path = AppDelegate.swift; sourceTree = "<group>"; };
		D471C36323DD91DA00B983CD /* SceneDelegate.swift */ = {isa = PBXFileReference; lastKnownFileType = sourcecode.swift; path = SceneDelegate.swift; sourceTree = "<group>"; };
		D471C36523DD91DA00B983CD /* ViewController.swift */ = {isa = PBXFileReference; lastKnownFileType = sourcecode.swift; path = ViewController.swift; sourceTree = "<group>"; };
		D471C36823DD91DA00B983CD /* Base */ = {isa = PBXFileReference; lastKnownFileType = file.storyboard; name = Base; path = Base.lproj/Main.storyboard; sourceTree = "<group>"; };
		D471C36A23DD91DC00B983CD /* Assets.xcassets */ = {isa = PBXFileReference; lastKnownFileType = folder.assetcatalog; path = Assets.xcassets; sourceTree = "<group>"; };
		D471C36D23DD91DC00B983CD /* Base */ = {isa = PBXFileReference; lastKnownFileType = file.storyboard; name = Base; path = Base.lproj/LaunchScreen.storyboard; sourceTree = "<group>"; };
		D471C36F23DD91DC00B983CD /* Info.plist */ = {isa = PBXFileReference; lastKnownFileType = text.plist.xml; path = Info.plist; sourceTree = "<group>"; };
		D471C37423DD91DC00B983CD /* RxPracticeTests.xctest */ = {isa = PBXFileReference; explicitFileType = wrapper.cfbundle; includeInIndex = 0; path = RxPracticeTests.xctest; sourceTree = BUILT_PRODUCTS_DIR; };
		D471C37823DD91DC00B983CD /* RxPracticeTests.swift */ = {isa = PBXFileReference; lastKnownFileType = sourcecode.swift; path = RxPracticeTests.swift; sourceTree = "<group>"; };
		D471C37A23DD91DC00B983CD /* Info.plist */ = {isa = PBXFileReference; lastKnownFileType = text.plist.xml; path = Info.plist; sourceTree = "<group>"; };
		D471C38B23DD939E00B983CD /* UIViewController+Instantiatable.swift */ = {isa = PBXFileReference; lastKnownFileType = sourcecode.swift; path = "UIViewController+Instantiatable.swift"; sourceTree = "<group>"; };
		D471C38D23DD94AF00B983CD /* README.md */ = {isa = PBXFileReference; fileEncoding = 4; lastKnownFileType = net.daringfireball.markdown; path = README.md; sourceTree = "<group>"; };
		D471C39023DD9D6900B983CD /* AddingNumbersViewController.swift */ = {isa = PBXFileReference; lastKnownFileType = sourcecode.swift; path = AddingNumbersViewController.swift; sourceTree = "<group>"; };
		D471C39223DD9D7200B983CD /* AddingNumbersViewController.storyboard */ = {isa = PBXFileReference; lastKnownFileType = file.storyboard; path = AddingNumbersViewController.storyboard; sourceTree = "<group>"; };
		D471C39423DD9D8000B983CD /* SimpleValidationViewController.storyboard */ = {isa = PBXFileReference; lastKnownFileType = file.storyboard; path = SimpleValidationViewController.storyboard; sourceTree = "<group>"; };
		D471C39623DD9D8900B983CD /* SimpleValidationViewController.swift */ = {isa = PBXFileReference; lastKnownFileType = sourcecode.swift; path = SimpleValidationViewController.swift; sourceTree = "<group>"; };
		D471C39B23DDA8A800B983CD /* RxCocoa.framework.dSYM */ = {isa = PBXFileReference; lastKnownFileType = wrapper.dsym; name = RxCocoa.framework.dSYM; path = Carthage/Build/iOS/RxCocoa.framework.dSYM; sourceTree = "<group>"; };
		D471C39C23DDA8BE00B983CD /* RxSwift.framework */ = {isa = PBXFileReference; lastKnownFileType = wrapper.framework; name = RxSwift.framework; path = Carthage/Build/iOS/RxSwift.framework; sourceTree = "<group>"; };
		D471C3A023DDA8CD00B983CD /* RxCocoa.framework */ = {isa = PBXFileReference; lastKnownFileType = wrapper.framework; name = RxCocoa.framework; path = Carthage/Build/iOS/RxCocoa.framework; sourceTree = "<group>"; };
		D471C3A423DDA93000B983CD /* RxRelay.framework */ = {isa = PBXFileReference; lastKnownFileType = wrapper.framework; name = RxRelay.framework; path = Carthage/Build/iOS/RxRelay.framework; sourceTree = "<group>"; };
/* End PBXFileReference section */

/* Begin PBXFrameworksBuildPhase section */
		D471C35B23DD91DA00B983CD /* Frameworks */ = {
			isa = PBXFrameworksBuildPhase;
			buildActionMask = 2147483647;
			files = (
				D471C3A123DDA8CD00B983CD /* RxCocoa.framework in Frameworks */,
				D471C39D23DDA8BE00B983CD /* RxSwift.framework in Frameworks */,
				D471C3A523DDA93000B983CD /* RxRelay.framework in Frameworks */,
			);
			runOnlyForDeploymentPostprocessing = 0;
		};
		D471C37123DD91DC00B983CD /* Frameworks */ = {
			isa = PBXFrameworksBuildPhase;
			buildActionMask = 2147483647;
			files = (
			);
			runOnlyForDeploymentPostprocessing = 0;
		};
/* End PBXFrameworksBuildPhase section */

/* Begin PBXGroup section */
		D43B58CD23DEFA4100A4FA92 /* Day2 */ = {
			isa = PBXGroup;
			children = (
				D43B58CE23DEFA9900A4FA92 /* GeolocationSubscriptionViewController.swift */,
				D43B58D023DEFAAA00A4FA92 /* GeolocationSubscriptionViewController.storyboard */,
			);
			path = Day2;
			sourceTree = "<group>";
		};
		D471C35523DD91DA00B983CD = {
			isa = PBXGroup;
			children = (
				D471C38D23DD94AF00B983CD /* README.md */,
				D471C36023DD91DA00B983CD /* RxPractice */,
				D471C37723DD91DC00B983CD /* RxPracticeTests */,
				D471C35F23DD91DA00B983CD /* Products */,
				D471C39A23DDA8A800B983CD /* Frameworks */,
			);
			sourceTree = "<group>";
		};
		D471C35F23DD91DA00B983CD /* Products */ = {
			isa = PBXGroup;
			children = (
				D471C35E23DD91DA00B983CD /* RxPractice.app */,
				D471C37423DD91DC00B983CD /* RxPracticeTests.xctest */,
			);
			name = Products;
			sourceTree = "<group>";
		};
		D471C36023DD91DA00B983CD /* RxPractice */ = {
			isa = PBXGroup;
			children = (
				D471C38A23DD938600B983CD /* Extension */,
				D471C38323DD91FA00B983CD /* Day1 */,
				D43B58CD23DEFA4100A4FA92 /* Day2 */,
				D471C36123DD91DA00B983CD /* AppDelegate.swift */,
				D471C36323DD91DA00B983CD /* SceneDelegate.swift */,
				D471C36523DD91DA00B983CD /* ViewController.swift */,
				D471C36723DD91DA00B983CD /* Main.storyboard */,
				D471C36A23DD91DC00B983CD /* Assets.xcassets */,
				D471C36C23DD91DC00B983CD /* LaunchScreen.storyboard */,
				D471C36F23DD91DC00B983CD /* Info.plist */,
			);
			path = RxPractice;
			sourceTree = "<group>";
		};
		D471C37723DD91DC00B983CD /* RxPracticeTests */ = {
			isa = PBXGroup;
			children = (
				D471C37823DD91DC00B983CD /* RxPracticeTests.swift */,
				D471C37A23DD91DC00B983CD /* Info.plist */,
			);
			path = RxPracticeTests;
			sourceTree = "<group>";
		};
		D471C38323DD91FA00B983CD /* Day1 */ = {
			isa = PBXGroup;
			children = (
				D471C39023DD9D6900B983CD /* AddingNumbersViewController.swift */,
				D471C39223DD9D7200B983CD /* AddingNumbersViewController.storyboard */,
				D471C39623DD9D8900B983CD /* SimpleValidationViewController.swift */,
				D471C39423DD9D8000B983CD /* SimpleValidationViewController.storyboard */,
			);
			path = Day1;
			sourceTree = "<group>";
		};
		D471C38A23DD938600B983CD /* Extension */ = {
			isa = PBXGroup;
			children = (
				D471C38B23DD939E00B983CD /* UIViewController+Instantiatable.swift */,
			);
			path = Extension;
			sourceTree = "<group>";
		};
		D471C39A23DDA8A800B983CD /* Frameworks */ = {
			isa = PBXGroup;
			children = (
				D471C3A423DDA93000B983CD /* RxRelay.framework */,
				D471C3A023DDA8CD00B983CD /* RxCocoa.framework */,
				D471C39C23DDA8BE00B983CD /* RxSwift.framework */,
				D471C39B23DDA8A800B983CD /* RxCocoa.framework.dSYM */,
			);
			name = Frameworks;
			sourceTree = "<group>";
		};
/* End PBXGroup section */

/* Begin PBXNativeTarget section */
		D471C35D23DD91DA00B983CD /* RxPractice */ = {
			isa = PBXNativeTarget;
			buildConfigurationList = D471C37D23DD91DC00B983CD /* Build configuration list for PBXNativeTarget "RxPractice" */;
			buildPhases = (
				D471C35A23DD91DA00B983CD /* Sources */,
				D471C35B23DD91DA00B983CD /* Frameworks */,
				D471C35C23DD91DA00B983CD /* Resources */,
				D471C3A323DDA8D800B983CD /* Carthage */,
			);
			buildRules = (
			);
			dependencies = (
			);
			name = RxPractice;
			productName = RxPractice;
			productReference = D471C35E23DD91DA00B983CD /* RxPractice.app */;
			productType = "com.apple.product-type.application";
		};
		D471C37323DD91DC00B983CD /* RxPracticeTests */ = {
			isa = PBXNativeTarget;
			buildConfigurationList = D471C38023DD91DC00B983CD /* Build configuration list for PBXNativeTarget "RxPracticeTests" */;
			buildPhases = (
				D471C37023DD91DC00B983CD /* Sources */,
				D471C37123DD91DC00B983CD /* Frameworks */,
				D471C37223DD91DC00B983CD /* Resources */,
			);
			buildRules = (
			);
			dependencies = (
				D471C37623DD91DC00B983CD /* PBXTargetDependency */,
			);
			name = RxPracticeTests;
			productName = RxPracticeTests;
			productReference = D471C37423DD91DC00B983CD /* RxPracticeTests.xctest */;
			productType = "com.apple.product-type.bundle.unit-test";
		};
/* End PBXNativeTarget section */

/* Begin PBXProject section */
		D471C35623DD91DA00B983CD /* Project object */ = {
			isa = PBXProject;
			attributes = {
				LastSwiftUpdateCheck = 1130;
				LastUpgradeCheck = 1130;
				ORGANIZATIONNAME = "Shinji Kurosawa";
				TargetAttributes = {
					D471C35D23DD91DA00B983CD = {
						CreatedOnToolsVersion = 11.3;
					};
					D471C37323DD91DC00B983CD = {
						CreatedOnToolsVersion = 11.3;
						TestTargetID = D471C35D23DD91DA00B983CD;
					};
				};
			};
			buildConfigurationList = D471C35923DD91DA00B983CD /* Build configuration list for PBXProject "RxPractice" */;
			compatibilityVersion = "Xcode 9.3";
			developmentRegion = en;
			hasScannedForEncodings = 0;
			knownRegions = (
				en,
				Base,
			);
			mainGroup = D471C35523DD91DA00B983CD;
			productRefGroup = D471C35F23DD91DA00B983CD /* Products */;
			projectDirPath = "";
			projectRoot = "";
			targets = (
				D471C35D23DD91DA00B983CD /* RxPractice */,
				D471C37323DD91DC00B983CD /* RxPracticeTests */,
			);
		};
/* End PBXProject section */

/* Begin PBXResourcesBuildPhase section */
		D471C35C23DD91DA00B983CD /* Resources */ = {
			isa = PBXResourcesBuildPhase;
			buildActionMask = 2147483647;
			files = (
				D471C36E23DD91DC00B983CD /* LaunchScreen.storyboard in Resources */,
				D471C39523DD9D8000B983CD /* SimpleValidationViewController.storyboard in Resources */,
				D471C36B23DD91DC00B983CD /* Assets.xcassets in Resources */,
				D471C36923DD91DA00B983CD /* Main.storyboard in Resources */,
				D471C39323DD9D7200B983CD /* AddingNumbersViewController.storyboard in Resources */,
				D43B58D123DEFAAA00A4FA92 /* GeolocationSubscriptionViewController.storyboard in Resources */,
			);
			runOnlyForDeploymentPostprocessing = 0;
		};
		D471C37223DD91DC00B983CD /* Resources */ = {
			isa = PBXResourcesBuildPhase;
			buildActionMask = 2147483647;
			files = (
			);
			runOnlyForDeploymentPostprocessing = 0;
		};
/* End PBXResourcesBuildPhase section */

/* Begin PBXShellScriptBuildPhase section */
		D471C3A323DDA8D800B983CD /* Carthage */ = {
			isa = PBXShellScriptBuildPhase;
			buildActionMask = 2147483647;
			files = (
			);
			inputFileListPaths = (
			);
			inputPaths = (
				"$(SRCROOT)/Carthage/Build/iOS/RxCocoa.framework",
				"$(SRCROOT)/Carthage/Build/iOS/RxRelay.framework",
				"$(SRCROOT)/Carthage/Build/iOS/RxSwift.framework",
			);
			name = Carthage;
			outputFileListPaths = (
			);
			outputPaths = (
			);
			runOnlyForDeploymentPostprocessing = 0;
			shellPath = /bin/sh;
			shellScript = "/usr/local/bin/carthage copy-frameworks\n";
		};
/* End PBXShellScriptBuildPhase section */

/* Begin PBXSourcesBuildPhase section */
		D471C35A23DD91DA00B983CD /* Sources */ = {
			isa = PBXSourcesBuildPhase;
			buildActionMask = 2147483647;
			files = (
				D471C38C23DD939E00B983CD /* UIViewController+Instantiatable.swift in Sources */,
				D471C36623DD91DA00B983CD /* ViewController.swift in Sources */,
				D471C36223DD91DA00B983CD /* AppDelegate.swift in Sources */,
				D471C39123DD9D6900B983CD /* AddingNumbersViewController.swift in Sources */,
				D471C36423DD91DA00B983CD /* SceneDelegate.swift in Sources */,
				D471C39723DD9D8900B983CD /* SimpleValidationViewController.swift in Sources */,
				D43B58CF23DEFA9900A4FA92 /* GeolocationSubscriptionViewController.swift in Sources */,
			);
			runOnlyForDeploymentPostprocessing = 0;
		};
		D471C37023DD91DC00B983CD /* Sources */ = {
			isa = PBXSourcesBuildPhase;
			buildActionMask = 2147483647;
			files = (
				D471C37923DD91DC00B983CD /* RxPracticeTests.swift in Sources */,
			);
			runOnlyForDeploymentPostprocessing = 0;
		};
/* End PBXSourcesBuildPhase section */

/* Begin PBXTargetDependency section */
		D471C37623DD91DC00B983CD /* PBXTargetDependency */ = {
			isa = PBXTargetDependency;
			target = D471C35D23DD91DA00B983CD /* RxPractice */;
			targetProxy = D471C37523DD91DC00B983CD /* PBXContainerItemProxy */;
		};
/* End PBXTargetDependency section */

/* Begin PBXVariantGroup section */
		D471C36723DD91DA00B983CD /* Main.storyboard */ = {
			isa = PBXVariantGroup;
			children = (
				D471C36823DD91DA00B983CD /* Base */,
			);
			name = Main.storyboard;
			sourceTree = "<group>";
		};
		D471C36C23DD91DC00B983CD /* LaunchScreen.storyboard */ = {
			isa = PBXVariantGroup;
			children = (
				D471C36D23DD91DC00B983CD /* Base */,
			);
			name = LaunchScreen.storyboard;
			sourceTree = "<group>";
		};
/* End PBXVariantGroup section */

/* Begin XCBuildConfiguration section */
		D471C37B23DD91DC00B983CD /* Debug */ = {
			isa = XCBuildConfiguration;
			buildSettings = {
				ALWAYS_SEARCH_USER_PATHS = NO;
				CLANG_ANALYZER_NONNULL = YES;
				CLANG_ANALYZER_NUMBER_OBJECT_CONVERSION = YES_AGGRESSIVE;
				CLANG_CXX_LANGUAGE_STANDARD = "gnu++14";
				CLANG_CXX_LIBRARY = "libc++";
				CLANG_ENABLE_MODULES = YES;
				CLANG_ENABLE_OBJC_ARC = YES;
				CLANG_ENABLE_OBJC_WEAK = YES;
				CLANG_WARN_BLOCK_CAPTURE_AUTORELEASING = YES;
				CLANG_WARN_BOOL_CONVERSION = YES;
				CLANG_WARN_COMMA = YES;
				CLANG_WARN_CONSTANT_CONVERSION = YES;
				CLANG_WARN_DEPRECATED_OBJC_IMPLEMENTATIONS = YES;
				CLANG_WARN_DIRECT_OBJC_ISA_USAGE = YES_ERROR;
				CLANG_WARN_DOCUMENTATION_COMMENTS = YES;
				CLANG_WARN_EMPTY_BODY = YES;
				CLANG_WARN_ENUM_CONVERSION = YES;
				CLANG_WARN_INFINITE_RECURSION = YES;
				CLANG_WARN_INT_CONVERSION = YES;
				CLANG_WARN_NON_LITERAL_NULL_CONVERSION = YES;
				CLANG_WARN_OBJC_IMPLICIT_RETAIN_SELF = YES;
				CLANG_WARN_OBJC_LITERAL_CONVERSION = YES;
				CLANG_WARN_OBJC_ROOT_CLASS = YES_ERROR;
				CLANG_WARN_RANGE_LOOP_ANALYSIS = YES;
				CLANG_WARN_STRICT_PROTOTYPES = YES;
				CLANG_WARN_SUSPICIOUS_MOVE = YES;
				CLANG_WARN_UNGUARDED_AVAILABILITY = YES_AGGRESSIVE;
				CLANG_WARN_UNREACHABLE_CODE = YES;
				CLANG_WARN__DUPLICATE_METHOD_MATCH = YES;
				COPY_PHASE_STRIP = NO;
				DEBUG_INFORMATION_FORMAT = dwarf;
				ENABLE_STRICT_OBJC_MSGSEND = YES;
				ENABLE_TESTABILITY = YES;
				GCC_C_LANGUAGE_STANDARD = gnu11;
				GCC_DYNAMIC_NO_PIC = NO;
				GCC_NO_COMMON_BLOCKS = YES;
				GCC_OPTIMIZATION_LEVEL = 0;
				GCC_PREPROCESSOR_DEFINITIONS = (
					"DEBUG=1",
					"$(inherited)",
				);
				GCC_WARN_64_TO_32_BIT_CONVERSION = YES;
				GCC_WARN_ABOUT_RETURN_TYPE = YES_ERROR;
				GCC_WARN_UNDECLARED_SELECTOR = YES;
				GCC_WARN_UNINITIALIZED_AUTOS = YES_AGGRESSIVE;
				GCC_WARN_UNUSED_FUNCTION = YES;
				GCC_WARN_UNUSED_VARIABLE = YES;
				IPHONEOS_DEPLOYMENT_TARGET = 13.2;
				MTL_ENABLE_DEBUG_INFO = INCLUDE_SOURCE;
				MTL_FAST_MATH = YES;
				ONLY_ACTIVE_ARCH = YES;
				SDKROOT = iphoneos;
				SWIFT_ACTIVE_COMPILATION_CONDITIONS = DEBUG;
				SWIFT_OPTIMIZATION_LEVEL = "-Onone";
			};
			name = Debug;
		};
		D471C37C23DD91DC00B983CD /* Release */ = {
			isa = XCBuildConfiguration;
			buildSettings = {
				ALWAYS_SEARCH_USER_PATHS = NO;
				CLANG_ANALYZER_NONNULL = YES;
				CLANG_ANALYZER_NUMBER_OBJECT_CONVERSION = YES_AGGRESSIVE;
				CLANG_CXX_LANGUAGE_STANDARD = "gnu++14";
				CLANG_CXX_LIBRARY = "libc++";
				CLANG_ENABLE_MODULES = YES;
				CLANG_ENABLE_OBJC_ARC = YES;
				CLANG_ENABLE_OBJC_WEAK = YES;
				CLANG_WARN_BLOCK_CAPTURE_AUTORELEASING = YES;
				CLANG_WARN_BOOL_CONVERSION = YES;
				CLANG_WARN_COMMA = YES;
				CLANG_WARN_CONSTANT_CONVERSION = YES;
				CLANG_WARN_DEPRECATED_OBJC_IMPLEMENTATIONS = YES;
				CLANG_WARN_DIRECT_OBJC_ISA_USAGE = YES_ERROR;
				CLANG_WARN_DOCUMENTATION_COMMENTS = YES;
				CLANG_WARN_EMPTY_BODY = YES;
				CLANG_WARN_ENUM_CONVERSION = YES;
				CLANG_WARN_INFINITE_RECURSION = YES;
				CLANG_WARN_INT_CONVERSION = YES;
				CLANG_WARN_NON_LITERAL_NULL_CONVERSION = YES;
				CLANG_WARN_OBJC_IMPLICIT_RETAIN_SELF = YES;
				CLANG_WARN_OBJC_LITERAL_CONVERSION = YES;
				CLANG_WARN_OBJC_ROOT_CLASS = YES_ERROR;
				CLANG_WARN_RANGE_LOOP_ANALYSIS = YES;
				CLANG_WARN_STRICT_PROTOTYPES = YES;
				CLANG_WARN_SUSPICIOUS_MOVE = YES;
				CLANG_WARN_UNGUARDED_AVAILABILITY = YES_AGGRESSIVE;
				CLANG_WARN_UNREACHABLE_CODE = YES;
				CLANG_WARN__DUPLICATE_METHOD_MATCH = YES;
				COPY_PHASE_STRIP = NO;
				DEBUG_INFORMATION_FORMAT = "dwarf-with-dsym";
				ENABLE_NS_ASSERTIONS = NO;
				ENABLE_STRICT_OBJC_MSGSEND = YES;
				GCC_C_LANGUAGE_STANDARD = gnu11;
				GCC_NO_COMMON_BLOCKS = YES;
				GCC_WARN_64_TO_32_BIT_CONVERSION = YES;
				GCC_WARN_ABOUT_RETURN_TYPE = YES_ERROR;
				GCC_WARN_UNDECLARED_SELECTOR = YES;
				GCC_WARN_UNINITIALIZED_AUTOS = YES_AGGRESSIVE;
				GCC_WARN_UNUSED_FUNCTION = YES;
				GCC_WARN_UNUSED_VARIABLE = YES;
				IPHONEOS_DEPLOYMENT_TARGET = 13.2;
				MTL_ENABLE_DEBUG_INFO = NO;
				MTL_FAST_MATH = YES;
				SDKROOT = iphoneos;
				SWIFT_COMPILATION_MODE = wholemodule;
				SWIFT_OPTIMIZATION_LEVEL = "-O";
				VALIDATE_PRODUCT = YES;
			};
			name = Release;
		};
		D471C37E23DD91DC00B983CD /* Debug */ = {
			isa = XCBuildConfiguration;
			buildSettings = {
				ASSETCATALOG_COMPILER_APPICON_NAME = AppIcon;
				CODE_SIGN_STYLE = Automatic;
				DEVELOPMENT_TEAM = S7D5HM735C;
				FRAMEWORK_SEARCH_PATHS = (
					"$(inherited)",
					"$(PROJECT_DIR)/Carthage/Build/iOS",
				);
				INFOPLIST_FILE = RxPractice/Info.plist;
				LD_RUNPATH_SEARCH_PATHS = (
					"$(inherited)",
					"@executable_path/Frameworks",
				);
				PRODUCT_BUNDLE_IDENTIFIER = com.46kuro.RxPractice;
				PRODUCT_NAME = "$(TARGET_NAME)";
				SWIFT_VERSION = 5.0;
				TARGETED_DEVICE_FAMILY = "1,2";
			};
			name = Debug;
		};
		D471C37F23DD91DC00B983CD /* Release */ = {
			isa = XCBuildConfiguration;
			buildSettings = {
				ASSETCATALOG_COMPILER_APPICON_NAME = AppIcon;
				CODE_SIGN_STYLE = Automatic;
				DEVELOPMENT_TEAM = S7D5HM735C;
				FRAMEWORK_SEARCH_PATHS = (
					"$(inherited)",
					"$(PROJECT_DIR)/Carthage/Build/iOS",
				);
				INFOPLIST_FILE = RxPractice/Info.plist;
				LD_RUNPATH_SEARCH_PATHS = (
					"$(inherited)",
					"@executable_path/Frameworks",
				);
				PRODUCT_BUNDLE_IDENTIFIER = com.46kuro.RxPractice;
				PRODUCT_NAME = "$(TARGET_NAME)";
				SWIFT_VERSION = 5.0;
				TARGETED_DEVICE_FAMILY = "1,2";
			};
			name = Release;
		};
		D471C38123DD91DC00B983CD /* Debug */ = {
			isa = XCBuildConfiguration;
			buildSettings = {
				ALWAYS_EMBED_SWIFT_STANDARD_LIBRARIES = YES;
				BUNDLE_LOADER = "$(TEST_HOST)";
				CODE_SIGN_STYLE = Automatic;
				DEVELOPMENT_TEAM = S7D5HM735C;
				INFOPLIST_FILE = RxPracticeTests/Info.plist;
				IPHONEOS_DEPLOYMENT_TARGET = 13.2;
				LD_RUNPATH_SEARCH_PATHS = (
					"$(inherited)",
					"@executable_path/Frameworks",
					"@loader_path/Frameworks",
				);
				PRODUCT_BUNDLE_IDENTIFIER = com.46kuro.RxPracticeTests;
				PRODUCT_NAME = "$(TARGET_NAME)";
				SWIFT_VERSION = 5.0;
				TARGETED_DEVICE_FAMILY = "1,2";
				TEST_HOST = "$(BUILT_PRODUCTS_DIR)/RxPractice.app/RxPractice";
			};
			name = Debug;
		};
		D471C38223DD91DC00B983CD /* Release */ = {
			isa = XCBuildConfiguration;
			buildSettings = {
				ALWAYS_EMBED_SWIFT_STANDARD_LIBRARIES = YES;
				BUNDLE_LOADER = "$(TEST_HOST)";
				CODE_SIGN_STYLE = Automatic;
				DEVELOPMENT_TEAM = S7D5HM735C;
				INFOPLIST_FILE = RxPracticeTests/Info.plist;
				IPHONEOS_DEPLOYMENT_TARGET = 13.2;
				LD_RUNPATH_SEARCH_PATHS = (
					"$(inherited)",
					"@executable_path/Frameworks",
					"@loader_path/Frameworks",
				);
				PRODUCT_BUNDLE_IDENTIFIER = com.46kuro.RxPracticeTests;
				PRODUCT_NAME = "$(TARGET_NAME)";
				SWIFT_VERSION = 5.0;
				TARGETED_DEVICE_FAMILY = "1,2";
				TEST_HOST = "$(BUILT_PRODUCTS_DIR)/RxPractice.app/RxPractice";
			};
			name = Release;
		};
/* End XCBuildConfiguration section */

/* Begin XCConfigurationList section */
		D471C35923DD91DA00B983CD /* Build configuration list for PBXProject "RxPractice" */ = {
			isa = XCConfigurationList;
			buildConfigurations = (
				D471C37B23DD91DC00B983CD /* Debug */,
				D471C37C23DD91DC00B983CD /* Release */,
			);
			defaultConfigurationIsVisible = 0;
			defaultConfigurationName = Release;
		};
		D471C37D23DD91DC00B983CD /* Build configuration list for PBXNativeTarget "RxPractice" */ = {
			isa = XCConfigurationList;
			buildConfigurations = (
				D471C37E23DD91DC00B983CD /* Debug */,
				D471C37F23DD91DC00B983CD /* Release */,
			);
			defaultConfigurationIsVisible = 0;
			defaultConfigurationName = Release;
		};
		D471C38023DD91DC00B983CD /* Build configuration list for PBXNativeTarget "RxPracticeTests" */ = {
			isa = XCConfigurationList;
			buildConfigurations = (
				D471C38123DD91DC00B983CD /* Debug */,
				D471C38223DD91DC00B983CD /* Release */,
			);
			defaultConfigurationIsVisible = 0;
			defaultConfigurationName = Release;
		};
/* End XCConfigurationList section */
	};
	rootObject = D471C35623DD91DA00B983CD /* Project object */;
}
